<?xml version="1.0" encoding="utf-8"?>
<Project ToolsVersion="4.0" xmlns="http://schemas.microsoft.com/developer/msbuild/2003">
  <ItemGroup>
    <Filter Include="Source Files">
      <UniqueIdentifier>{4FC737F1-C7A5-4376-A066-2A32D752A2FF}</UniqueIdentifier>
      <Extensions>cpp;c;cc;cxx;c++;cppm;ixx;def;odl;idl;hpj;bat;asm;asmx</Extensions>
    </Filter>
    <Filter Include="Header Files">
      <UniqueIdentifier>{93995380-89BD-4b04-88EB-625FBE52EBFB}</UniqueIdentifier>
      <Extensions>h;hh;hpp;hxx;h++;hm;inl;inc;ipp;xsd</Extensions>
    </Filter>
    <Filter Include="Resource Files">
      <UniqueIdentifier>{67DA6AB6-F800-4c08-8B7A-83BB121AAD01}</UniqueIdentifier>
      <Extensions>rc;ico;cur;bmp;dlg;rc2;rct;bin;rgs;gif;jpg;jpeg;jpe;resx;tiff;tif;png;wav;mfcribbon-ms</Extensions>
    </Filter>
    <Filter Include="Header Files\mem">
      <UniqueIdentifier>{9b7ddec2-35cd-40d5-ba80-378aa192769e}</UniqueIdentifier>
    </Filter>
    <Filter Include="Header Files\sparsehash">
      <UniqueIdentifier>{e9d2657e-a21b-4b4a-9408-96d39571afe1}</UniqueIdentifier>
    </Filter>
    <Filter Include="Source Files\fmt">
      <UniqueIdentifier>{cedd9531-891e-452f-bbd7-91e54ed54e7b}</UniqueIdentifier>
    </Filter>
    <Filter Include="Header Files\fmt">
      <UniqueIdentifier>{6f68eab3-c8fe-4ca4-9350-07e63de06faa}</UniqueIdentifier>
    </Filter>
  </ItemGroup>
  <ItemGroup>
    <ClCompile Include="main.cpp">
      <Filter>Source Files</Filter>
    </ClCompile>
    <ClCompile Include="fmt\src\format.cc">
      <Filter>Source Files\fmt</Filter>
    </ClCompile>
    <ClCompile Include="fmt\src\os.cc">
      <Filter>Source Files\fmt</Filter>
    </ClCompile>
  </ItemGroup>
  <ItemGroup>
    <ClInclude Include="mem\include\mem\aligned_alloc.h">
      <Filter>Header Files\mem</Filter>
    </ClInclude>
    <ClInclude Include="mem\include\mem\arch.h">
      <Filter>Header Files\mem</Filter>
    </ClInclude>
    <ClInclude Include="mem\include\mem\bitwise_enum.h">
      <Filter>Header Files\mem</Filter>
    </ClInclude>
    <ClInclude Include="mem\include\mem\boyer_moore_scanner.h">
      <Filter>Header Files\mem</Filter>
    </ClInclude>
    <ClInclude Include="mem\include\mem\char_queue.h">
      <Filter>Header Files\mem</Filter>
    </ClInclude>
    <ClInclude Include="mem\include\mem\cmd_param.h">
      <Filter>Header Files\mem</Filter>
    </ClInclude>
    <ClInclude Include="mem\include\mem\cmd_param-inl.h">
      <Filter>Header Files\mem</Filter>
    </ClInclude>
    <ClInclude Include="mem\include\mem\data_buffer.h">
      <Filter>Header Files\mem</Filter>
    </ClInclude>
    <ClInclude Include="mem\include\mem\defines.h">
      <Filter>Header Files\mem</Filter>
    </ClInclude>
    <ClInclude Include="mem\include\mem\execution_handler.h">
      <Filter>Header Files\mem</Filter>
    </ClInclude>
    <ClInclude Include="mem\include\mem\hasher.h">
      <Filter>Header Files\mem</Filter>
    </ClInclude>
    <ClInclude Include="mem\include\mem\init_function.h">
      <Filter>Header Files\mem</Filter>
    </ClInclude>
    <ClInclude Include="mem\include\mem\macros.h">
      <Filter>Header Files\mem</Filter>
    </ClInclude>
    <ClInclude Include="mem\include\mem\mem.h">
      <Filter>Header Files\mem</Filter>
    </ClInclude>
    <ClInclude Include="mem\include\mem\module.h">
      <Filter>Header Files\mem</Filter>
    </ClInclude>
    <ClInclude Include="mem\include\mem\pattern.h">
      <Filter>Header Files\mem</Filter>
    </ClInclude>
    <ClInclude Include="mem\include\mem\pattern_cache.h">
      <Filter>Header Files\mem</Filter>
    </ClInclude>
    <ClInclude Include="mem\include\mem\prot_flags.h">
      <Filter>Header Files\mem</Filter>
    </ClInclude>
    <ClInclude Include="mem\include\mem\protect.h">
      <Filter>Header Files\mem</Filter>
    </ClInclude>
    <ClInclude Include="mem\include\mem\rtti.h">
      <Filter>Header Files\mem</Filter>
    </ClInclude>
    <ClInclude Include="mem\include\mem\simd_scanner.h">
      <Filter>Header Files\mem</Filter>
    </ClInclude>
    <ClInclude Include="mem\include\mem\slice.h">
      <Filter>Header Files\mem</Filter>
    </ClInclude>
    <ClInclude Include="mem\include\mem\stub.h">
      <Filter>Header Files\mem</Filter>
    </ClInclude>
    <ClInclude Include="mem\include\mem\utils.h">
      <Filter>Header Files\mem</Filter>
    </ClInclude>
    <ClInclude Include="sparsehash\config.h">
      <Filter>Header Files\sparsehash</Filter>
    </ClInclude>
    <ClInclude Include="sparsehash\sparseconfig.h">
      <Filter>Header Files\sparsehash</Filter>
    </ClInclude>
    <ClInclude Include="sparsehash\template_util.h">
      <Filter>Header Files\sparsehash</Filter>
    </ClInclude>
    <ClInclude Include="sparsehash\type_traits.h">
      <Filter>Header Files\sparsehash</Filter>
    </ClInclude>
    <ClInclude Include="main.h">
      <Filter>Header Files</Filter>
    </ClInclude>
    <ClInclude Include="fmt\include\fmt\args.h">
      <Filter>Header Files\fmt</Filter>
    </ClInclude>
    <ClInclude Include="fmt\include\fmt\chrono.h">
      <Filter>Header Files\fmt</Filter>
    </ClInclude>
    <ClInclude Include="fmt\include\fmt\color.h">
      <Filter>Header Files\fmt</Filter>
    </ClInclude>
    <ClInclude Include="fmt\include\fmt\compile.h">
      <Filter>Header Files\fmt</Filter>
    </ClInclude>
    <ClInclude Include="fmt\include\fmt\core.h">
      <Filter>Header Files\fmt</Filter>
    </ClInclude>
    <ClInclude Include="fmt\include\fmt\format.h">
      <Filter>Header Files\fmt</Filter>
    </ClInclude>
    <ClInclude Include="fmt\include\fmt\format-inl.h">
      <Filter>Header Files\fmt</Filter>
    </ClInclude>
    <ClInclude Include="fmt\include\fmt\locale.h">
      <Filter>Header Files\fmt</Filter>
    </ClInclude>
    <ClInclude Include="fmt\include\fmt\os.h">
      <Filter>Header Files\fmt</Filter>
    </ClInclude>
    <ClInclude Include="fmt\include\fmt\ostream.h">
      <Filter>Header Files\fmt</Filter>
    </ClInclude>
    <ClInclude Include="fmt\include\fmt\posix.h">
      <Filter>Header Files\fmt</Filter>
    </ClInclude>
    <ClInclude Include="fmt\include\fmt\printf.h">
      <Filter>Header Files\fmt</Filter>
    </ClInclude>
    <ClInclude Include="fmt\include\fmt\ranges.h">
      <Filter>Header Files\fmt</Filter>
    </ClInclude>
    <ClInclude Include="IntervalTree.h">
      <Filter>Header Files</Filter>
    </ClInclude>
    <ClInclude Include="IITree.hpp">
      <Filter>Header Files</Filter>
    </ClInclude>
    <ClInclude Include="CMemoryMap.hpp">
      <Filter>Header Files</Filter>
    </ClInclude>
  </ItemGroup>
  <ItemGroup>
    <None Include="mem\include\mem\cpp.hint">
      <Filter>Header Files\mem</Filter>
    </None>
    <None Include="sparsehash\dense_hash_map">
      <Filter>Header Files\sparsehash</Filter>
    </None>
    <None Include="sparsehash\dense_hash_set">
      <Filter>Header Files\sparsehash</Filter>
    </None>
    <None Include="sparsehash\sparse_hash_map">
      <Filter>Header Files\sparsehash</Filter>
    </None>
    <None Include="sparsehash\sparse_hash_set">
      <Filter>Header Files\sparsehash</Filter>
    </None>
    <None Include="sparsehash\sparsetable">
      <Filter>Header Files\sparsehash</Filter>
    </None>
  </ItemGroup>
  <ItemGroup>
    <MASM Include="trampoline.w">
      <Filter>Source Files</Filter>
    </MASM>
  </ItemGroup>
</Project>